// !$*UTF8*$!
{
	archiveVersion = 1;
	classes = {
	};
	objectVersion = 50;
	objects = {

/* Begin PBXBuildFile section */
		252272F623049A6100D66142 /* AppDelegate.swift in Sources */ = {isa = PBXBuildFile; fileRef = 252272F523049A6100D66142 /* AppDelegate.swift */; };
		252272FB23049A6100D66142 /* Main.storyboard in Resources */ = {isa = PBXBuildFile; fileRef = 252272F923049A6100D66142 /* Main.storyboard */; };
		252272FD23049A6200D66142 /* Assets.xcassets in Resources */ = {isa = PBXBuildFile; fileRef = 252272FC23049A6200D66142 /* Assets.xcassets */; };
		2522730023049A6200D66142 /* LaunchScreen.storyboard in Resources */ = {isa = PBXBuildFile; fileRef = 252272FE23049A6200D66142 /* LaunchScreen.storyboard */; };
		2522730C23049B0A00D66142 /* RepresentativeModel.swift in Sources */ = {isa = PBXBuildFile; fileRef = 2522730B23049B0A00D66142 /* RepresentativeModel.swift */; };
		2522730E23049C2E00D66142 /* RepresentativeController.swift in Sources */ = {isa = PBXBuildFile; fileRef = 2522730D23049C2E00D66142 /* RepresentativeController.swift */; };
		252273102304B51300D66142 /* StateListTableViewController.swift in Sources */ = {isa = PBXBuildFile; fileRef = 2522730F2304B51300D66142 /* StateListTableViewController.swift */; };
		252273122304B5A800D66142 /* States.swift in Sources */ = {isa = PBXBuildFile; fileRef = 252273112304B5A800D66142 /* States.swift */; };
		252273142304B9E500D66142 /* RepresentativeTableViewCell.swift in Sources */ = {isa = PBXBuildFile; fileRef = 252273132304B9E500D66142 /* RepresentativeTableViewCell.swift */; };
		252273162304BA1300D66142 /* DetailTableViewController.swift in Sources */ = {isa = PBXBuildFile; fileRef = 252273152304BA1300D66142 /* DetailTableViewController.swift */; };
/* End PBXBuildFile section */

/* Begin PBXFileReference section */
		252272F223049A6100D66142 /* Representatives.app */ = {isa = PBXFileReference; explicitFileType = wrapper.application; includeInIndex = 0; path = Representatives.app; sourceTree = BUILT_PRODUCTS_DIR; };
		252272F523049A6100D66142 /* AppDelegate.swift */ = {isa = PBXFileReference; lastKnownFileType = sourcecode.swift; path = AppDelegate.swift; sourceTree = "<group>"; };
		252272FA23049A6100D66142 /* Base */ = {isa = PBXFileReference; lastKnownFileType = file.storyboard; name = Base; path = Base.lproj/Main.storyboard; sourceTree = "<group>"; };
		252272FC23049A6200D66142 /* Assets.xcassets */ = {isa = PBXFileReference; lastKnownFileType = folder.assetcatalog; path = Assets.xcassets; sourceTree = "<group>"; };
		252272FF23049A6200D66142 /* Base */ = {isa = PBXFileReference; lastKnownFileType = file.storyboard; name = Base; path = Base.lproj/LaunchScreen.storyboard; sourceTree = "<group>"; };
		2522730123049A6200D66142 /* Info.plist */ = {isa = PBXFileReference; lastKnownFileType = text.plist.xml; path = Info.plist; sourceTree = "<group>"; };
		2522730B23049B0A00D66142 /* RepresentativeModel.swift */ = {isa = PBXFileReference; lastKnownFileType = sourcecode.swift; path = RepresentativeModel.swift; sourceTree = "<group>"; };
		2522730D23049C2E00D66142 /* RepresentativeController.swift */ = {isa = PBXFileReference; lastKnownFileType = sourcecode.swift; path = RepresentativeController.swift; sourceTree = "<group>"; };
		2522730F2304B51300D66142 /* StateListTableViewController.swift */ = {isa = PBXFileReference; lastKnownFileType = sourcecode.swift; path = StateListTableViewController.swift; sourceTree = "<group>"; };
		252273112304B5A800D66142 /* States.swift */ = {isa = PBXFileReference; lastKnownFileType = sourcecode.swift; path = States.swift; sourceTree = "<group>"; };
		252273132304B9E500D66142 /* RepresentativeTableViewCell.swift */ = {isa = PBXFileReference; lastKnownFileType = sourcecode.swift; path = RepresentativeTableViewCell.swift; sourceTree = "<group>"; };
		252273152304BA1300D66142 /* DetailTableViewController.swift */ = {isa = PBXFileReference; lastKnownFileType = sourcecode.swift; path = DetailTableViewController.swift; sourceTree = "<group>"; };
/* End PBXFileReference section */

/* Begin PBXFrameworksBuildPhase section */
		252272EF23049A6100D66142 /* Frameworks */ = {
			isa = PBXFrameworksBuildPhase;
			buildActionMask = 2147483647;
			files = (
			);
			runOnlyForDeploymentPostprocessing = 0;
		};
/* End PBXFrameworksBuildPhase section */

/* Begin PBXGroup section */
		252272E923049A6100D66142 = {
			isa = PBXGroup;
			children = (
				252272F423049A6100D66142 /* Representatives */,
				252272F323049A6100D66142 /* Products */,
			);
			sourceTree = "<group>";
		};
		252272F323049A6100D66142 /* Products */ = {
			isa = PBXGroup;
			children = (
				252272F223049A6100D66142 /* Representatives.app */,
			);
			name = Products;
			sourceTree = "<group>";
		};
		252272F423049A6100D66142 /* Representatives */ = {
			isa = PBXGroup;
			children = (
				252272F923049A6100D66142 /* Main.storyboard */,
				2522730A23049A7F00D66142 /* Models */,
				2522730923049A7D00D66142 /* Controllers */,
				2522730823049A7900D66142 /* Views */,
				2522730723049A6D00D66142 /* Resources */,
			);
			path = Representatives;
			sourceTree = "<group>";
		};
		2522730723049A6D00D66142 /* Resources */ = {
			isa = PBXGroup;
			children = (
				252272F523049A6100D66142 /* AppDelegate.swift */,
				252272FC23049A6200D66142 /* Assets.xcassets */,
				252272FE23049A6200D66142 /* LaunchScreen.storyboard */,
				2522730123049A6200D66142 /* Info.plist */,
			);
			path = Resources;
			sourceTree = "<group>";
		};
		2522730823049A7900D66142 /* Views */ = {
			isa = PBXGroup;
			children = (
				2522730F2304B51300D66142 /* StateListTableViewController.swift */,
				252273132304B9E500D66142 /* RepresentativeTableViewCell.swift */,
				252273152304BA1300D66142 /* DetailTableViewController.swift */,
			);
			path = Views;
			sourceTree = "<group>";
		};
		2522730923049A7D00D66142 /* Controllers */ = {
			isa = PBXGroup;
			children = (
				2522730D23049C2E00D66142 /* RepresentativeController.swift */,
			);
			path = Controllers;
			sourceTree = "<group>";
		};
		2522730A23049A7F00D66142 /* Models */ = {
			isa = PBXGroup;
			children = (
				2522730B23049B0A00D66142 /* RepresentativeModel.swift */,
				252273112304B5A800D66142 /* States.swift */,
			);
			path = Models;
			sourceTree = "<group>";
		};
/* End PBXGroup section */

/* Begin PBXNativeTarget section */
		252272F123049A6100D66142 /* Representatives */ = {
			isa = PBXNativeTarget;
			buildConfigurationList = 2522730423049A6200D66142 /* Build configuration list for PBXNativeTarget "Representatives" */;
			buildPhases = (
				252272EE23049A6100D66142 /* Sources */,
				252272EF23049A6100D66142 /* Frameworks */,
				252272F023049A6100D66142 /* Resources */,
			);
			buildRules = (
			);
			dependencies = (
			);
			name = Representatives;
			productName = Representatives;
			productReference = 252272F223049A6100D66142 /* Representatives.app */;
			productType = "com.apple.product-type.application";
		};
/* End PBXNativeTarget section */

/* Begin PBXProject section */
		252272EA23049A6100D66142 /* Project object */ = {
			isa = PBXProject;
			attributes = {
				LastSwiftUpdateCheck = 1030;
				LastUpgradeCheck = 1030;
				ORGANIZATIONNAME = "Ian Hall";
				TargetAttributes = {
					252272F123049A6100D66142 = {
						CreatedOnToolsVersion = 10.3;
					};
				};
			};
			buildConfigurationList = 252272ED23049A6100D66142 /* Build configuration list for PBXProject "Representatives" */;
			compatibilityVersion = "Xcode 9.3";
			developmentRegion = en;
			hasScannedForEncodings = 0;
			knownRegions = (
				en,
				Base,
			);
			mainGroup = 252272E923049A6100D66142;
			productRefGroup = 252272F323049A6100D66142 /* Products */;
			projectDirPath = "";
			projectRoot = "";
			targets = (
				252272F123049A6100D66142 /* Representatives */,
			);
		};
/* End PBXProject section */

/* Begin PBXResourcesBuildPhase section */
		252272F023049A6100D66142 /* Resources */ = {
			isa = PBXResourcesBuildPhase;
			buildActionMask = 2147483647;
			files = (
				2522730023049A6200D66142 /* LaunchScreen.storyboard in Resources */,
				252272FD23049A6200D66142 /* Assets.xcassets in Resources */,
				252272FB23049A6100D66142 /* Main.storyboard in Resources */,
			);
			runOnlyForDeploymentPostprocessing = 0;
		};
/* End PBXResourcesBuildPhase section */

/* Begin PBXSourcesBuildPhase section */
		252272EE23049A6100D66142 /* Sources */ = {
			isa = PBXSourcesBuildPhase;
			buildActionMask = 2147483647;
			files = (
				252273162304BA1300D66142 /* DetailTableViewController.swift in Sources */,
				252273122304B5A800D66142 /* States.swift in Sources */,
				2522730C23049B0A00D66142 /* RepresentativeModel.swift in Sources */,
				252273142304B9E500D66142 /* RepresentativeTableViewCell.swift in Sources */,
				252273102304B51300D66142 /* StateListTableViewController.swift in Sources */,
				2522730E23049C2E00D66142 /* RepresentativeController.swift in Sources */,
				252272F623049A6100D66142 /* AppDelegate.swift in Sources */,
			);
			runOnlyForDeploymentPostprocessing = 0;
		};
/* End PBXSourcesBuildPhase section */

/* Begin PBXVariantGroup section */
		252272F923049A6100D66142 /* Main.storyboard */ = {
			isa = PBXVariantGroup;
			children = (
				252272FA23049A6100D66142 /* Base */,
			);
			name = Main.storyboard;
			sourceTree = "<group>";
		};
		252272FE23049A6200D66142 /* LaunchScreen.storyboard */ = {
			isa = PBXVariantGroup;
			children = (
				252272FF23049A6200D66142 /* Base */,
			);
			name = LaunchScreen.storyboard;
			sourceTree = "<group>";
		};
/* End PBXVariantGroup section */

/* Begin XCBuildConfiguration section */
		2522730223049A6200D66142 /* Debug */ = {
			isa = XCBuildConfiguration;
			buildSettings = {
				ALWAYS_SEARCH_USER_PATHS = NO;
				CLANG_ANALYZER_NONNULL = YES;
				CLANG_ANALYZER_NUMBER_OBJECT_CONVERSION = YES_AGGRESSIVE;
				CLANG_CXX_LANGUAGE_STANDARD = "gnu++14";
				CLANG_CXX_LIBRARY = "libc++";
				CLANG_ENABLE_MODULES = YES;
				CLANG_ENABLE_OBJC_ARC = YES;
				CLANG_ENABLE_OBJC_WEAK = YES;
				CLANG_WARN_BLOCK_CAPTURE_AUTORELEASING = YES;
				CLANG_WARN_BOOL_CONVERSION = YES;
				CLANG_WARN_COMMA = YES;
				CLANG_WARN_CONSTANT_CONVERSION = YES;
				CLANG_WARN_DEPRECATED_OBJC_IMPLEMENTATIONS = YES;
				CLANG_WARN_DIRECT_OBJC_ISA_USAGE = YES_ERROR;
				CLANG_WARN_DOCUMENTATION_COMMENTS = YES;
				CLANG_WARN_EMPTY_BODY = YES;
				CLANG_WARN_ENUM_CONVERSION = YES;
				CLANG_WARN_INFINITE_RECURSION = YES;
				CLANG_WARN_INT_CONVERSION = YES;
				CLANG_WARN_NON_LITERAL_NULL_CONVERSION = YES;
				CLANG_WARN_OBJC_IMPLICIT_RETAIN_SELF = YES;
				CLANG_WARN_OBJC_LITERAL_CONVERSION = YES;
				CLANG_WARN_OBJC_ROOT_CLASS = YES_ERROR;
				CLANG_WARN_RANGE_LOOP_ANALYSIS = YES;
				CLANG_WARN_STRICT_PROTOTYPES = YES;
				CLANG_WARN_SUSPICIOUS_MOVE = YES;
				CLANG_WARN_UNGUARDED_AVAILABILITY = YES_AGGRESSIVE;
				CLANG_WARN_UNREACHABLE_CODE = YES;
				CLANG_WARN__DUPLICATE_METHOD_MATCH = YES;
				CODE_SIGN_IDENTITY = "iPhone Developer";
				COPY_PHASE_STRIP = NO;
				DEBUG_INFORMATION_FORMAT = dwarf;
				ENABLE_STRICT_OBJC_MSGSEND = YES;
				ENABLE_TESTABILITY = YES;
				GCC_C_LANGUAGE_STANDARD = gnu11;
				GCC_DYNAMIC_NO_PIC = NO;
				GCC_NO_COMMON_BLOCKS = YES;
				GCC_OPTIMIZATION_LEVEL = 0;
				GCC_PREPROCESSOR_DEFINITIONS = (
					"DEBUG=1",
					"$(inherited)",
				);
				GCC_WARN_64_TO_32_BIT_CONVERSION = YES;
				GCC_WARN_ABOUT_RETURN_TYPE = YES_ERROR;
				GCC_WARN_UNDECLARED_SELECTOR = YES;
				GCC_WARN_UNINITIALIZED_AUTOS = YES_AGGRESSIVE;
				GCC_WARN_UNUSED_FUNCTION = YES;
				GCC_WARN_UNUSED_VARIABLE = YES;
				IPHONEOS_DEPLOYMENT_TARGET = 12.4;
				MTL_ENABLE_DEBUG_INFO = INCLUDE_SOURCE;
				MTL_FAST_MATH = YES;
				ONLY_ACTIVE_ARCH = YES;
				SDKROOT = iphoneos;
				SWIFT_ACTIVE_COMPILATION_CONDITIONS = DEBUG;
				SWIFT_OPTIMIZATION_LEVEL = "-Onone";
			};
			name = Debug;
		};
		2522730323049A6200D66142 /* Release */ = {
			isa = XCBuildConfiguration;
			buildSettings = {
				ALWAYS_SEARCH_USER_PATHS = NO;
				CLANG_ANALYZER_NONNULL = YES;
				CLANG_ANALYZER_NUMBER_OBJECT_CONVERSION = YES_AGGRESSIVE;
				CLANG_CXX_LANGUAGE_STANDARD = "gnu++14";
				CLANG_CXX_LIBRARY = "libc++";
				CLANG_ENABLE_MODULES = YES;
				CLANG_ENABLE_OBJC_ARC = YES;
				CLANG_ENABLE_OBJC_WEAK = YES;
				CLANG_WARN_BLOCK_CAPTURE_AUTORELEASING = YES;
				CLANG_WARN_BOOL_CONVERSION = YES;
				CLANG_WARN_COMMA = YES;
				CLANG_WARN_CONSTANT_CONVERSION = YES;
				CLANG_WARN_DEPRECATED_OBJC_IMPLEMENTATIONS = YES;
				CLANG_WARN_DIRECT_OBJC_ISA_USAGE = YES_ERROR;
				CLANG_WARN_DOCUMENTATION_COMMENTS = YES;
				CLANG_WARN_EMPTY_BODY = YES;
				CLANG_WARN_ENUM_CONVERSION = YES;
				CLANG_WARN_INFINITE_RECURSION = YES;
				CLANG_WARN_INT_CONVERSION = YES;
				CLANG_WARN_NON_LITERAL_NULL_CONVERSION = YES;
				CLANG_WARN_OBJC_IMPLICIT_RETAIN_SELF = YES;
				CLANG_WARN_OBJC_LITERAL_CONVERSION = YES;
				CLANG_WARN_OBJC_ROOT_CLASS = YES_ERROR;
				CLANG_WARN_RANGE_LOOP_ANALYSIS = YES;
				CLANG_WARN_STRICT_PROTOTYPES = YES;
				CLANG_WARN_SUSPICIOUS_MOVE = YES;
				CLANG_WARN_UNGUARDED_AVAILABILITY = YES_AGGRESSIVE;
				CLANG_WARN_UNREACHABLE_CODE = YES;
				CLANG_WARN__DUPLICATE_METHOD_MATCH = YES;
				CODE_SIGN_IDENTITY = "iPhone Developer";
				COPY_PHASE_STRIP = NO;
				DEBUG_INFORMATION_FORMAT = "dwarf-with-dsym";
				ENABLE_NS_ASSERTIONS = NO;
				ENABLE_STRICT_OBJC_MSGSEND = YES;
				GCC_C_LANGUAGE_STANDARD = gnu11;
				GCC_NO_COMMON_BLOCKS = YES;
				GCC_WARN_64_TO_32_BIT_CONVERSION = YES;
				GCC_WARN_ABOUT_RETURN_TYPE = YES_ERROR;
				GCC_WARN_UNDECLARED_SELECTOR = YES;
				GCC_WARN_UNINITIALIZED_AUTOS = YES_AGGRESSIVE;
				GCC_WARN_UNUSED_FUNCTION = YES;
				GCC_WARN_UNUSED_VARIABLE = YES;
				IPHONEOS_DEPLOYMENT_TARGET = 12.4;
				MTL_ENABLE_DEBUG_INFO = NO;
				MTL_FAST_MATH = YES;
				SDKROOT = iphoneos;
				SWIFT_COMPILATION_MODE = wholemodule;
				SWIFT_OPTIMIZATION_LEVEL = "-O";
				VALIDATE_PRODUCT = YES;
			};
			name = Release;
		};
		2522730523049A6200D66142 /* Debug */ = {
			isa = XCBuildConfiguration;
			buildSettings = {
				ASSETCATALOG_COMPILER_APPICON_NAME = AppIcon;
				CODE_SIGN_STYLE = Automatic;
				DEVELOPMENT_TEAM = 38AN8KZ7HW;
				INFOPLIST_FILE = "$(SRCROOT)/Representatives/Resources/Info.plist";
				LD_RUNPATH_SEARCH_PATHS = (
					"$(inherited)",
					"@executable_path/Frameworks",
				);
				PRODUCT_BUNDLE_IDENTIFIER = com.IanH411.Representatives;
				PRODUCT_NAME = "$(TARGET_NAME)";
				SWIFT_VERSION = 5.0;
				TARGETED_DEVICE_FAMILY = "1,2";
			};
			name = Debug;
		};
		2522730623049A6200D66142 /* Release */ = {
			isa = XCBuildConfiguration;
			buildSettings = {
				ASSETCATALOG_COMPILER_APPICON_NAME = AppIcon;
				CODE_SIGN_STYLE = Automatic;
				DEVELOPMENT_TEAM = 38AN8KZ7HW;
				INFOPLIST_FILE = "$(SRCROOT)/Representatives/Resources/Info.plist";
				LD_RUNPATH_SEARCH_PATHS = (
					"$(inherited)",
					"@executable_path/Frameworks",
				);
				PRODUCT_BUNDLE_IDENTIFIER = com.IanH411.Representatives;
				PRODUCT_NAME = "$(TARGET_NAME)";
				SWIFT_VERSION = 5.0;
				TARGETED_DEVICE_FAMILY = "1,2";
			};
			name = Release;
		};
/* End XCBuildConfiguration section */

/* Begin XCConfigurationList section */
		252272ED23049A6100D66142 /* Build configuration list for PBXProject "Representatives" */ = {
			isa = XCConfigurationList;
			buildConfigurations = (
				2522730223049A6200D66142 /* Debug */,
				2522730323049A6200D66142 /* Release */,
			);
			defaultConfigurationIsVisible = 0;
			defaultConfigurationName = Release;
		};
		2522730423049A6200D66142 /* Build configuration list for PBXNativeTarget "Representatives" */ = {
			isa = XCConfigurationList;
			buildConfigurations = (
				2522730523049A6200D66142 /* Debug */,
				2522730623049A6200D66142 /* Release */,
			);
			defaultConfigurationIsVisible = 0;
			defaultConfigurationName = Release;
		};
/* End XCConfigurationList section */
	};
	rootObject = 252272EA23049A6100D66142 /* Project object */;
}
